<?xml version="1.0" encoding="utf-8"?>
<!--
################################################################################
#  THIS FILE IS 100% GENERATED BY ZPROJECT; DO NOT EDIT EXCEPT EXPERIMENTALLY  #
#  Please refer to the README for information about making permanent changes.  #
################################################################################
-->
<Project ToolsVersion="4.0" xmlns="http://schemas.microsoft.com/developer/msbuild/2003">
  <ItemGroup>
    <ClCompile Include="..\..\..\..\src\fncs.cpp">
      <Filter>src</Filter>
    </ClCompile>
    <ClCompile Include="..\..\..\..\src\fncs_capi.cpp">
      <Filter>src</Filter>
    </ClCompile>
  </ItemGroup>
  <ItemGroup>
    <Filter Include="src">
      <UniqueIdentifier>{48f852d3-9723-4499-bf1a-35c0234b8ba9}</UniqueIdentifier>
    </Filter>
  </ItemGroup>
  <ItemGroup>
    <ClInclude Include="..\..\..\..\builds\msvc\config.h">
      <Filter>src</Filter>
    </ClInclude>
    <ClInclude Include="..\..\..\..\src\fncs.hpp">
      <Filter>src</Filter>
    </ClInclude>
    <ClInclude Include="..\..\..\..\src\fncs.h">
      <Filter>src</Filter>
    </ClInclude>
  </ItemGroup>
  <!--
################################################################################
#  THIS FILE IS 100% GENERATED BY ZPROJECT; DO NOT EDIT EXCEPT EXPERIMENTALLY  #
#  Please refer to the README for information about making permanent changes.  #
################################################################################
-->
</Project>